
Microsoft Visual Studio Solution File, Format Version 12.00
# Visual Studio Version 17
VisualStudioVersion = 17.2.32630.192
MinimumVisualStudioVersion = 10.0.40219.1
Project("{FAE04EC0-301F-11D3-BF4B-00C04F79EFBC}") = "Superheroes", "Superheroes\Superheroes.csproj", "{731AAD88-5B88-431D-8482-1A192DF5BF76}"
EndProject
Global
	GlobalSection(SolutionConfigurationPlatforms) = preSolution
		Debug|Any CPU = Debug|Any CPU
		Release|Any CPU = Release|Any CPU
	EndGlobalSection
	GlobalSection(ProjectConfigurationPlatforms) = postSolution
		{731AAD88-5B88-431D-8482-1A192DF5BF76}.Debug|Any CPU.ActiveCfg = Debug|Any CPU
		{731AAD88-5B88-431D-8482-1A192DF5BF76}.Debug|Any CPU.Build.0 = Debug|Any CPU
		{731AAD88-5B88-431D-8482-1A192DF5BF76}.Release|Any CPU.ActiveCfg = Release|Any CPU
		{731AAD88-5B88-431D-8482-1A192DF5BF76}.Release|Any CPU.Build.0 = Release|Any CPU
	EndGlobalSection
	GlobalSection(SolutionProperties) = preSolution
		HideSolutionNode = FALSE
	EndGlobalSection
	GlobalSection(ExtensibilityGlobals) = postSolution
		SolutionGuid = {E7BE5026-729F-4B24-BEB9-8A4C4BEA5635}
	EndGlobalSection
EndGlobal
